
Microsoft Visual Studio Solution File, Format Version 12.00
# Visual Studio Version 17
VisualStudioVersion = 17.11.35222.181
MinimumVisualStudioVersion = 10.0.40219.1
Project("{FAE04EC0-301F-11D3-BF4B-00C04F79EFBC}") = "Zadanie2", "Zadanie2\Zadanie2.csproj", "{901CA6D6-ED9F-422E-A577-11F01DDB5044}"
EndProject
Global
	GlobalSection(SolutionConfigurationPlatforms) = preSolution
		Debug|Any CPU = Debug|Any CPU
		Release|Any CPU = Release|Any CPU
	EndGlobalSection
	GlobalSection(ProjectConfigurationPlatforms) = postSolution
		{901CA6D6-ED9F-422E-A577-11F01DDB5044}.Debug|Any CPU.ActiveCfg = Debug|Any CPU
		{901CA6D6-ED9F-422E-A577-11F01DDB5044}.Debug|Any CPU.Build.0 = Debug|Any CPU
		{901CA6D6-ED9F-422E-A577-11F01DDB5044}.Release|Any CPU.ActiveCfg = Release|Any CPU
		{901CA6D6-ED9F-422E-A577-11F01DDB5044}.Release|Any CPU.Build.0 = Release|Any CPU
	EndGlobalSection
	GlobalSection(SolutionProperties) = preSolution
		HideSolutionNode = FALSE
	EndGlobalSection
	GlobalSection(ExtensibilityGlobals) = postSolution
		SolutionGuid = {0B4960DF-2CB2-4342-8A83-26D084976880}
	EndGlobalSection
EndGlobal
