
Microsoft Visual Studio Solution File, Format Version 12.00
# Visual Studio Version 17
VisualStudioVersion = 17.11.35222.181
MinimumVisualStudioVersion = 10.0.40219.1
Project("{FAE04EC0-301F-11D3-BF4B-00C04F79EFBC}") = "Zadanie1", "Zadanie1\Zadanie1.csproj", "{87C2D404-78F0-4ED7-B05B-29F6213D4716}"
EndProject
Global
	GlobalSection(SolutionConfigurationPlatforms) = preSolution
		Debug|Any CPU = Debug|Any CPU
		Release|Any CPU = Release|Any CPU
	EndGlobalSection
	GlobalSection(ProjectConfigurationPlatforms) = postSolution
		{87C2D404-78F0-4ED7-B05B-29F6213D4716}.Debug|Any CPU.ActiveCfg = Debug|Any CPU
		{87C2D404-78F0-4ED7-B05B-29F6213D4716}.Debug|Any CPU.Build.0 = Debug|Any CPU
		{87C2D404-78F0-4ED7-B05B-29F6213D4716}.Release|Any CPU.ActiveCfg = Release|Any CPU
		{87C2D404-78F0-4ED7-B05B-29F6213D4716}.Release|Any CPU.Build.0 = Release|Any CPU
	EndGlobalSection
	GlobalSection(SolutionProperties) = preSolution
		HideSolutionNode = FALSE
	EndGlobalSection
	GlobalSection(ExtensibilityGlobals) = postSolution
		SolutionGuid = {15873F0A-33EA-46B1-8A50-FBA488ED7A74}
	EndGlobalSection
EndGlobal
