
Microsoft Visual Studio Solution File, Format Version 12.00
# Visual Studio Version 17
VisualStudioVersion = 17.11.35222.181
MinimumVisualStudioVersion = 10.0.40219.1
Project("{FAE04EC0-301F-11D3-BF4B-00C04F79EFBC}") = "ProgramNr1", "ProgramNr1\ProgramNr1.csproj", "{4BA8CAA0-E1B5-481B-BC90-A233CD0BE921}"
EndProject
Global
	GlobalSection(SolutionConfigurationPlatforms) = preSolution
		Debug|Any CPU = Debug|Any CPU
		Release|Any CPU = Release|Any CPU
	EndGlobalSection
	GlobalSection(ProjectConfigurationPlatforms) = postSolution
		{4BA8CAA0-E1B5-481B-BC90-A233CD0BE921}.Debug|Any CPU.ActiveCfg = Debug|Any CPU
		{4BA8CAA0-E1B5-481B-BC90-A233CD0BE921}.Debug|Any CPU.Build.0 = Debug|Any CPU
		{4BA8CAA0-E1B5-481B-BC90-A233CD0BE921}.Release|Any CPU.ActiveCfg = Release|Any CPU
		{4BA8CAA0-E1B5-481B-BC90-A233CD0BE921}.Release|Any CPU.Build.0 = Release|Any CPU
	EndGlobalSection
	GlobalSection(SolutionProperties) = preSolution
		HideSolutionNode = FALSE
	EndGlobalSection
	GlobalSection(ExtensibilityGlobals) = postSolution
		SolutionGuid = {87D3F3FB-D5B1-4603-9AE8-5854E13283E4}
	EndGlobalSection
EndGlobal
