
Microsoft Visual Studio Solution File, Format Version 12.00
# Visual Studio Version 17
VisualStudioVersion = 17.11.35222.181
MinimumVisualStudioVersion = 10.0.40219.1
Project("{FAE04EC0-301F-11D3-BF4B-00C04F79EFBC}") = "Aplikacja 1", "Aplikacja 1\Aplikacja 1.csproj", "{EE62086D-02AA-44EC-A8E1-3D40D6F40D1C}"
EndProject
Global
	GlobalSection(SolutionConfigurationPlatforms) = preSolution
		Debug|Any CPU = Debug|Any CPU
		Release|Any CPU = Release|Any CPU
	EndGlobalSection
	GlobalSection(ProjectConfigurationPlatforms) = postSolution
		{EE62086D-02AA-44EC-A8E1-3D40D6F40D1C}.Debug|Any CPU.ActiveCfg = Debug|Any CPU
		{EE62086D-02AA-44EC-A8E1-3D40D6F40D1C}.Debug|Any CPU.Build.0 = Debug|Any CPU
		{EE62086D-02AA-44EC-A8E1-3D40D6F40D1C}.Release|Any CPU.ActiveCfg = Release|Any CPU
		{EE62086D-02AA-44EC-A8E1-3D40D6F40D1C}.Release|Any CPU.Build.0 = Release|Any CPU
	EndGlobalSection
	GlobalSection(SolutionProperties) = preSolution
		HideSolutionNode = FALSE
	EndGlobalSection
	GlobalSection(ExtensibilityGlobals) = postSolution
		SolutionGuid = {56BCBD0D-0905-42D6-B60B-3097A5F167EB}
	EndGlobalSection
EndGlobal
